{
  "name": "@audio/resample",
  "version": "1.0.0",
  "lockfileVersion": 3,
  "requires": true,
  "packages": {
    "": {
      "name": "@audio/resample",
      "version": "1.0.0",
      "license": "MIT",
      "workspaces": [
        "packages/*"
      ],
      "dependencies": {
        "@audio/resample-linear": "^1.0.0",
        "@audio/resample-sinc": "^1.0.0"
      },
      "devDependencies": {
        "tst": "^9.4.0"
      },
      "engines": {
        "node": ">=18"
      }
    },
    "node_modules/@audio/resample-linear": {
      "resolved": "packages/resample-linear",
      "link": true
    },
    "node_modules/@audio/resample-polyphase": {
      "resolved": "packages/resample-polyphase",
      "link": true
    },
    "node_modules/@audio/resample-sinc": {
      "resolved": "packages/resample-sinc",
      "link": true
    },
    "node_modules/tst": {
      "version": "9.4.0",
      "resolved": "https://registry.npmjs.org/tst/-/tst-9.4.0.tgz",
      "integrity": "sha512-LFC1yasMqhvL9hBJdA07nozlfS1RGy/7uiBCwRZcQH9zB4+n7XpxwYszzK//WQ2JVOLAUgU3d8ABEcrFLZE0vg==",
      "dev": true,
      "license": "MIT"
    },
    "packages/resample-linear": {
      "name": "@audio/resample-linear",
      "version": "1.0.0",
      "license": "MIT",
      "engines": {
        "node": ">=18"
      }
    },
    "packages/resample-polyphase": {
      "name": "@audio/resample-polyphase",
      "version": "0.0.0",
      "license": "MIT",
      "engines": {
        "node": ">=18"
      }
    },
    "packages/resample-sinc": {
      "name": "@audio/resample-sinc",
      "version": "1.0.0",
      "license": "MIT",
      "engines": {
        "node": ">=18"
      }
    }
  }
}
